
Microsoft Visual Studio Solution File, Format Version 12.00
# Visual Studio 14
VisualStudioVersion = 14.0.25420.1
MinimumVisualStudioVersion = 10.0.40219.1
Project("{FAE04EC0-301F-11D3-BF4B-00C04F79EFBC}") = "ExpenseApp", "ExpenseApp\ExpenseApp.csproj", "{71FF215F-273D-4EAA-93CB-4A5671711C99}"
EndProject
Project("{FAE04EC0-301F-11D3-BF4B-00C04F79EFBC}") = "ExpenseManagement", "..\ExpenseManagement\ExpenseManagement\ExpenseManagement.csproj", "{CA4E4C19-F89E-432A-8A94-926AA91A80CC}"
EndProject
Global
	GlobalSection(SolutionConfigurationPlatforms) = preSolution
		Debug|Any CPU = Debug|Any CPU
		Release|Any CPU = Release|Any CPU
	EndGlobalSection
	GlobalSection(ProjectConfigurationPlatforms) = postSolution
		{71FF215F-273D-4EAA-93CB-4A5671711C99}.Debug|Any CPU.ActiveCfg = Debug|Any CPU
		{71FF215F-273D-4EAA-93CB-4A5671711C99}.Debug|Any CPU.Build.0 = Debug|Any CPU
		{71FF215F-273D-4EAA-93CB-4A5671711C99}.Release|Any CPU.ActiveCfg = Release|Any CPU
		{71FF215F-273D-4EAA-93CB-4A5671711C99}.Release|Any CPU.Build.0 = Release|Any CPU
		{CA4E4C19-F89E-432A-8A94-926AA91A80CC}.Debug|Any CPU.ActiveCfg = Debug|Any CPU
		{CA4E4C19-F89E-432A-8A94-926AA91A80CC}.Debug|Any CPU.Build.0 = Debug|Any CPU
		{CA4E4C19-F89E-432A-8A94-926AA91A80CC}.Release|Any CPU.ActiveCfg = Release|Any CPU
		{CA4E4C19-F89E-432A-8A94-926AA91A80CC}.Release|Any CPU.Build.0 = Release|Any CPU
	EndGlobalSection
	GlobalSection(SolutionProperties) = preSolution
		HideSolutionNode = FALSE
	EndGlobalSection
EndGlobal
